
Microsoft Visual Studio Solution File, Format Version 12.00
# Visual Studio Version 17
VisualStudioVersion = 17.0.31903.59
MinimumVisualStudioVersion = 10.0.40219.1
Project("{2150E333-8FDC-42A3-9474-1A3956D46DE8}") = "Solution Items", "Solution Items", "{6DFCE5BB-1112-4EAA-B99B-A271F67552A1}"
	ProjectSection(SolutionItems) = preProject
		.editorconfig = .editorconfig
		Directory.Build.props = Directory.Build.props
		src\Directory.Build.props = src\Directory.Build.props
		Directory.Packages.props = Directory.Packages.props
	EndProjectSection
EndProject
Project("{2150E333-8FDC-42A3-9474-1A3956D46DE8}") = "src", "src", "{738DF42C-D4A2-4141-B2DE-590571402875}"
EndProject
Project("{FAE04EC0-301F-11D3-BF4B-00C04F79EFBC}") = "Core", "src\Core\Core.csproj", "{1E691697-F411-400A-807D-2EEED9C8DA0E}"
EndProject
Project("{FAE04EC0-301F-11D3-BF4B-00C04F79EFBC}") = "Commands", "src\Commands\Commands.csproj", "{973E275E-A632-40CD-AFFE-E7A51F3C2BF4}"
EndProject
Project("{2150E333-8FDC-42A3-9474-1A3956D46DE8}") = "tests", "tests", "{8750F37E-2614-4223-8006-2476929E328D}"
EndProject
Project("{2150E333-8FDC-42A3-9474-1A3956D46DE8}") = "unit", "unit", "{3C1CEDF8-EF60-4851-935E-99EBF285A59C}"
EndProject
Project("{2150E333-8FDC-42A3-9474-1A3956D46DE8}") = "Core", "Core", "{449FE044-8D9D-4105-B2BB-E5067FD30CAF}"
EndProject
Project("{FAE04EC0-301F-11D3-BF4B-00C04F79EFBC}") = "SyntacticCSharpTypeAssociator", "tests\unit\Core\SyntacticCSharpTypeAssociator\SyntacticCSharpTypeAssociator.csproj", "{A9E01991-6B56-430E-9561-A5EF93952DB4}"
EndProject
Project("{2150E333-8FDC-42A3-9474-1A3956D46DE8}") = "integration", "integration", "{131F22A1-2463-4FA6-9565-80C66EE2B78D}"
EndProject
Project("{2150E333-8FDC-42A3-9474-1A3956D46DE8}") = "Core", "Core", "{376018F5-2CF7-4220-A22C-ABC8F6D66B78}"
EndProject
Project("{2150E333-8FDC-42A3-9474-1A3956D46DE8}") = "SyntacticCSharpTypeAssociator", "SyntacticCSharpTypeAssociator", "{4F0C3F36-F416-4A05-BF2F-D89FF0ED5316}"
EndProject
Project("{FAE04EC0-301F-11D3-BF4B-00C04F79EFBC}") = "SyntacticCSharpTypeAssociator_CSharp12", "tests\integration\Core\SyntacticCSharpTypeAssociator\CSharp12\SyntacticCSharpTypeAssociator_CSharp12.csproj", "{98B7216A-5462-4FBA-8E13-9B84A14BB7E1}"
EndProject
Global
	GlobalSection(SolutionConfigurationPlatforms) = preSolution
		Debug|Any CPU = Debug|Any CPU
		Release|Any CPU = Release|Any CPU
	EndGlobalSection
	GlobalSection(ProjectConfigurationPlatforms) = postSolution
		{1E691697-F411-400A-807D-2EEED9C8DA0E}.Debug|Any CPU.ActiveCfg = Debug|Any CPU
		{1E691697-F411-400A-807D-2EEED9C8DA0E}.Debug|Any CPU.Build.0 = Debug|Any CPU
		{1E691697-F411-400A-807D-2EEED9C8DA0E}.Release|Any CPU.ActiveCfg = Release|Any CPU
		{1E691697-F411-400A-807D-2EEED9C8DA0E}.Release|Any CPU.Build.0 = Release|Any CPU
		{973E275E-A632-40CD-AFFE-E7A51F3C2BF4}.Debug|Any CPU.ActiveCfg = Debug|Any CPU
		{973E275E-A632-40CD-AFFE-E7A51F3C2BF4}.Debug|Any CPU.Build.0 = Debug|Any CPU
		{973E275E-A632-40CD-AFFE-E7A51F3C2BF4}.Release|Any CPU.ActiveCfg = Release|Any CPU
		{973E275E-A632-40CD-AFFE-E7A51F3C2BF4}.Release|Any CPU.Build.0 = Release|Any CPU
		{A9E01991-6B56-430E-9561-A5EF93952DB4}.Debug|Any CPU.ActiveCfg = Debug|Any CPU
		{A9E01991-6B56-430E-9561-A5EF93952DB4}.Debug|Any CPU.Build.0 = Debug|Any CPU
		{A9E01991-6B56-430E-9561-A5EF93952DB4}.Release|Any CPU.ActiveCfg = Release|Any CPU
		{A9E01991-6B56-430E-9561-A5EF93952DB4}.Release|Any CPU.Build.0 = Release|Any CPU
		{98B7216A-5462-4FBA-8E13-9B84A14BB7E1}.Debug|Any CPU.ActiveCfg = Debug|Any CPU
		{98B7216A-5462-4FBA-8E13-9B84A14BB7E1}.Debug|Any CPU.Build.0 = Debug|Any CPU
		{98B7216A-5462-4FBA-8E13-9B84A14BB7E1}.Release|Any CPU.ActiveCfg = Release|Any CPU
		{98B7216A-5462-4FBA-8E13-9B84A14BB7E1}.Release|Any CPU.Build.0 = Release|Any CPU
	EndGlobalSection
	GlobalSection(SolutionProperties) = preSolution
		HideSolutionNode = FALSE
	EndGlobalSection
	GlobalSection(NestedProjects) = preSolution
		{1E691697-F411-400A-807D-2EEED9C8DA0E} = {738DF42C-D4A2-4141-B2DE-590571402875}
		{973E275E-A632-40CD-AFFE-E7A51F3C2BF4} = {738DF42C-D4A2-4141-B2DE-590571402875}
		{3C1CEDF8-EF60-4851-935E-99EBF285A59C} = {8750F37E-2614-4223-8006-2476929E328D}
		{449FE044-8D9D-4105-B2BB-E5067FD30CAF} = {3C1CEDF8-EF60-4851-935E-99EBF285A59C}
		{A9E01991-6B56-430E-9561-A5EF93952DB4} = {449FE044-8D9D-4105-B2BB-E5067FD30CAF}
		{131F22A1-2463-4FA6-9565-80C66EE2B78D} = {8750F37E-2614-4223-8006-2476929E328D}
		{376018F5-2CF7-4220-A22C-ABC8F6D66B78} = {131F22A1-2463-4FA6-9565-80C66EE2B78D}
		{4F0C3F36-F416-4A05-BF2F-D89FF0ED5316} = {376018F5-2CF7-4220-A22C-ABC8F6D66B78}
		{98B7216A-5462-4FBA-8E13-9B84A14BB7E1} = {4F0C3F36-F416-4A05-BF2F-D89FF0ED5316}
	EndGlobalSection
	GlobalSection(ExtensibilityGlobals) = postSolution
		SolutionGuid = {03179225-A3B7-47F2-BED2-FFC518DCFD28}
	EndGlobalSection
EndGlobal
