
Microsoft Visual Studio Solution File, Format Version 12.00
# Visual Studio Version 17
VisualStudioVersion = 17.0.31903.59
MinimumVisualStudioVersion = 10.0.40219.1
Project("{2150E333-8FDC-42A3-9474-1A3956D46DE8}") = "Solution Items", "Solution Items", "{6DFCE5BB-1112-4EAA-B99B-A271F67552A1}"
	ProjectSection(SolutionItems) = preProject
		.editorconfig = .editorconfig
		Directory.Build.props = Directory.Build.props
		src\Directory.Build.props = src\Directory.Build.props
		Directory.Packages.props = Directory.Packages.props
	EndProjectSection
EndProject
Project("{2150E333-8FDC-42A3-9474-1A3956D46DE8}") = "src", "src", "{738DF42C-D4A2-4141-B2DE-590571402875}"
EndProject
Project("{FAE04EC0-301F-11D3-BF4B-00C04F79EFBC}") = "Core", "src\Core\Core.csproj", "{1E691697-F411-400A-807D-2EEED9C8DA0E}"
EndProject
Project("{FAE04EC0-301F-11D3-BF4B-00C04F79EFBC}") = "Models", "src\Models\Models.csproj", "{DBC4F04E-5A5A-4378-BB96-66090725F730}"
EndProject
Project("{2150E333-8FDC-42A3-9474-1A3956D46DE8}") = "tests", "tests", "{532855DB-A98A-4E9B-BEB4-E91874A88284}"
EndProject
Project("{2150E333-8FDC-42A3-9474-1A3956D46DE8}") = "unit", "unit", "{F9143267-FE0A-4EF0-8C1D-C881C9732948}"
EndProject
Project("{2150E333-8FDC-42A3-9474-1A3956D46DE8}") = "Core", "Core", "{0A5BF506-7578-44D7-A928-322638EAB9B9}"
EndProject
Project("{FAE04EC0-301F-11D3-BF4B-00C04F79EFBC}") = "CSharpTypeAssociator", "tests\unit\Core\CSharpTypeAssociator\CSharpTypeAssociator.csproj", "{529C561F-142C-4154-9134-7930990D4C55}"
EndProject
Project("{2150E333-8FDC-42A3-9474-1A3956D46DE8}") = "integration", "integration", "{38551F41-7DA3-4E95-B36F-7FB837C46893}"
EndProject
Project("{2150E333-8FDC-42A3-9474-1A3956D46DE8}") = "Core", "Core", "{F9AC3EAF-B3F5-418D-803D-CD64AA3BF9DC}"
EndProject
Project("{2150E333-8FDC-42A3-9474-1A3956D46DE8}") = "CSharpTypeAssociator", "CSharpTypeAssociator", "{FB426B3F-8E92-49F3-87B0-0FACF6370E33}"
EndProject
Project("{FAE04EC0-301F-11D3-BF4B-00C04F79EFBC}") = "CSharpTypeAssociator_CSharp12", "tests\integration\Core\CSharpTypeAssociator\CSharp12\CSharpTypeAssociator_CSharp12.csproj", "{6D4F81E7-D9B9-49C9-B4C2-8DCFD0EBE8F6}"
EndProject
Project("{2150E333-8FDC-42A3-9474-1A3956D46DE8}") = "Errors", "Errors", "{323C7B13-A8D6-430C-A6CD-5170A1AE5BE3}"
EndProject
Project("{FAE04EC0-301F-11D3-BF4B-00C04F79EFBC}") = "CSharpTypeAssociatorErrorHandler", "tests\unit\Core\Errors\CSharpTypeAssociatorErrorHandler\CSharpTypeAssociatorErrorHandler.csproj", "{9D51D54D-85D8-4C7C-978C-15748D48F10B}"
EndProject
Global
	GlobalSection(SolutionConfigurationPlatforms) = preSolution
		Debug|Any CPU = Debug|Any CPU
		Release|Any CPU = Release|Any CPU
	EndGlobalSection
	GlobalSection(ProjectConfigurationPlatforms) = postSolution
		{1E691697-F411-400A-807D-2EEED9C8DA0E}.Debug|Any CPU.ActiveCfg = Debug|Any CPU
		{1E691697-F411-400A-807D-2EEED9C8DA0E}.Debug|Any CPU.Build.0 = Debug|Any CPU
		{1E691697-F411-400A-807D-2EEED9C8DA0E}.Release|Any CPU.ActiveCfg = Release|Any CPU
		{1E691697-F411-400A-807D-2EEED9C8DA0E}.Release|Any CPU.Build.0 = Release|Any CPU
		{DBC4F04E-5A5A-4378-BB96-66090725F730}.Debug|Any CPU.ActiveCfg = Debug|Any CPU
		{DBC4F04E-5A5A-4378-BB96-66090725F730}.Debug|Any CPU.Build.0 = Debug|Any CPU
		{DBC4F04E-5A5A-4378-BB96-66090725F730}.Release|Any CPU.ActiveCfg = Release|Any CPU
		{DBC4F04E-5A5A-4378-BB96-66090725F730}.Release|Any CPU.Build.0 = Release|Any CPU
		{529C561F-142C-4154-9134-7930990D4C55}.Debug|Any CPU.ActiveCfg = Debug|Any CPU
		{529C561F-142C-4154-9134-7930990D4C55}.Debug|Any CPU.Build.0 = Debug|Any CPU
		{529C561F-142C-4154-9134-7930990D4C55}.Release|Any CPU.ActiveCfg = Release|Any CPU
		{529C561F-142C-4154-9134-7930990D4C55}.Release|Any CPU.Build.0 = Release|Any CPU
		{6D4F81E7-D9B9-49C9-B4C2-8DCFD0EBE8F6}.Debug|Any CPU.ActiveCfg = Debug|Any CPU
		{6D4F81E7-D9B9-49C9-B4C2-8DCFD0EBE8F6}.Debug|Any CPU.Build.0 = Debug|Any CPU
		{6D4F81E7-D9B9-49C9-B4C2-8DCFD0EBE8F6}.Release|Any CPU.ActiveCfg = Release|Any CPU
		{6D4F81E7-D9B9-49C9-B4C2-8DCFD0EBE8F6}.Release|Any CPU.Build.0 = Release|Any CPU
		{9D51D54D-85D8-4C7C-978C-15748D48F10B}.Debug|Any CPU.ActiveCfg = Debug|Any CPU
		{9D51D54D-85D8-4C7C-978C-15748D48F10B}.Debug|Any CPU.Build.0 = Debug|Any CPU
		{9D51D54D-85D8-4C7C-978C-15748D48F10B}.Release|Any CPU.ActiveCfg = Release|Any CPU
		{9D51D54D-85D8-4C7C-978C-15748D48F10B}.Release|Any CPU.Build.0 = Release|Any CPU
	EndGlobalSection
	GlobalSection(SolutionProperties) = preSolution
		HideSolutionNode = FALSE
	EndGlobalSection
	GlobalSection(NestedProjects) = preSolution
		{1E691697-F411-400A-807D-2EEED9C8DA0E} = {738DF42C-D4A2-4141-B2DE-590571402875}
		{DBC4F04E-5A5A-4378-BB96-66090725F730} = {738DF42C-D4A2-4141-B2DE-590571402875}
		{F9143267-FE0A-4EF0-8C1D-C881C9732948} = {532855DB-A98A-4E9B-BEB4-E91874A88284}
		{0A5BF506-7578-44D7-A928-322638EAB9B9} = {F9143267-FE0A-4EF0-8C1D-C881C9732948}
		{529C561F-142C-4154-9134-7930990D4C55} = {0A5BF506-7578-44D7-A928-322638EAB9B9}
		{38551F41-7DA3-4E95-B36F-7FB837C46893} = {532855DB-A98A-4E9B-BEB4-E91874A88284}
		{F9AC3EAF-B3F5-418D-803D-CD64AA3BF9DC} = {38551F41-7DA3-4E95-B36F-7FB837C46893}
		{FB426B3F-8E92-49F3-87B0-0FACF6370E33} = {F9AC3EAF-B3F5-418D-803D-CD64AA3BF9DC}
		{6D4F81E7-D9B9-49C9-B4C2-8DCFD0EBE8F6} = {FB426B3F-8E92-49F3-87B0-0FACF6370E33}
		{323C7B13-A8D6-430C-A6CD-5170A1AE5BE3} = {0A5BF506-7578-44D7-A928-322638EAB9B9}
		{9D51D54D-85D8-4C7C-978C-15748D48F10B} = {323C7B13-A8D6-430C-A6CD-5170A1AE5BE3}
	EndGlobalSection
	GlobalSection(ExtensibilityGlobals) = postSolution
		SolutionGuid = {03179225-A3B7-47F2-BED2-FFC518DCFD28}
	EndGlobalSection
EndGlobal
