
Microsoft Visual Studio Solution File, Format Version 12.00
# Visual Studio Version 17
VisualStudioVersion = 17.0.31903.59
MinimumVisualStudioVersion = 10.0.40219.1
Project("{2150E333-8FDC-42A3-9474-1A3956D46DE8}") = "Solution Items", "Solution Items", "{6DFCE5BB-1112-4EAA-B99B-A271F67552A1}"
	ProjectSection(SolutionItems) = preProject
		.editorconfig = .editorconfig
		Directory.Build.props = Directory.Build.props
		src\Directory.Build.props = src\Directory.Build.props
		Directory.Packages.props = Directory.Packages.props
	EndProjectSection
EndProject
Project("{2150E333-8FDC-42A3-9474-1A3956D46DE8}") = "src", "src", "{738DF42C-D4A2-4141-B2DE-590571402875}"
EndProject
Project("{FAE04EC0-301F-11D3-BF4B-00C04F79EFBC}") = "Queries", "src\Queries\Queries.csproj", "{4883D988-755F-482A-AE60-F5AB15E6D67F}"
EndProject
Project("{FAE04EC0-301F-11D3-BF4B-00C04F79EFBC}") = "Core", "src\Core\Core.csproj", "{1E691697-F411-400A-807D-2EEED9C8DA0E}"
EndProject
Project("{2150E333-8FDC-42A3-9474-1A3956D46DE8}") = "tests", "tests", "{332EE840-5F6D-45C8-BDFA-5876315791BD}"
EndProject
Project("{2150E333-8FDC-42A3-9474-1A3956D46DE8}") = "unit", "unit", "{309446E0-26A7-416C-AADB-10F4D449586F}"
EndProject
Project("{2150E333-8FDC-42A3-9474-1A3956D46DE8}") = "Core", "Core", "{479ECC50-2055-4289-A476-E62F6A3F8BF4}"
EndProject
Project("{FAE04EC0-301F-11D3-BF4B-00C04F79EFBC}") = "SyntacticCSharpTypeAssociator", "tests\unit\Core\SyntacticCSharpTypeAssociator\SyntacticCSharpTypeAssociator.csproj", "{61E72584-9BDD-4185-8E67-3A0451668F1B}"
EndProject
Project("{2150E333-8FDC-42A3-9474-1A3956D46DE8}") = "integration", "integration", "{2C94AB64-4509-4009-B1AA-73FBE84D1C82}"
EndProject
Project("{2150E333-8FDC-42A3-9474-1A3956D46DE8}") = "Core", "Core", "{BE0CA3F0-EAD9-4238-AFCA-C0CCB2D7CA1E}"
EndProject
Project("{2150E333-8FDC-42A3-9474-1A3956D46DE8}") = "SyntacticCSharpTypeAssociator", "SyntacticCSharpTypeAssociator", "{663D4B09-FB8F-484A-ADE8-8E3F3EB5C274}"
EndProject
Project("{FAE04EC0-301F-11D3-BF4B-00C04F79EFBC}") = "SyntacticCSharpTypeAssociator_CSharp12", "tests\integration\Core\SyntacticCSharpTypeAssociator\CSharp12\SyntacticCSharpTypeAssociator_CSharp12.csproj", "{465BE3D5-8E90-4B4A-96E3-271B8C05699D}"
EndProject
Global
	GlobalSection(SolutionConfigurationPlatforms) = preSolution
		Debug|Any CPU = Debug|Any CPU
		Release|Any CPU = Release|Any CPU
	EndGlobalSection
	GlobalSection(ProjectConfigurationPlatforms) = postSolution
		{4883D988-755F-482A-AE60-F5AB15E6D67F}.Debug|Any CPU.ActiveCfg = Debug|Any CPU
		{4883D988-755F-482A-AE60-F5AB15E6D67F}.Debug|Any CPU.Build.0 = Debug|Any CPU
		{4883D988-755F-482A-AE60-F5AB15E6D67F}.Release|Any CPU.ActiveCfg = Release|Any CPU
		{4883D988-755F-482A-AE60-F5AB15E6D67F}.Release|Any CPU.Build.0 = Release|Any CPU
		{1E691697-F411-400A-807D-2EEED9C8DA0E}.Debug|Any CPU.ActiveCfg = Debug|Any CPU
		{1E691697-F411-400A-807D-2EEED9C8DA0E}.Debug|Any CPU.Build.0 = Debug|Any CPU
		{1E691697-F411-400A-807D-2EEED9C8DA0E}.Release|Any CPU.ActiveCfg = Release|Any CPU
		{1E691697-F411-400A-807D-2EEED9C8DA0E}.Release|Any CPU.Build.0 = Release|Any CPU
		{61E72584-9BDD-4185-8E67-3A0451668F1B}.Debug|Any CPU.ActiveCfg = Debug|Any CPU
		{61E72584-9BDD-4185-8E67-3A0451668F1B}.Debug|Any CPU.Build.0 = Debug|Any CPU
		{61E72584-9BDD-4185-8E67-3A0451668F1B}.Release|Any CPU.ActiveCfg = Release|Any CPU
		{61E72584-9BDD-4185-8E67-3A0451668F1B}.Release|Any CPU.Build.0 = Release|Any CPU
		{465BE3D5-8E90-4B4A-96E3-271B8C05699D}.Debug|Any CPU.ActiveCfg = Debug|Any CPU
		{465BE3D5-8E90-4B4A-96E3-271B8C05699D}.Debug|Any CPU.Build.0 = Debug|Any CPU
		{465BE3D5-8E90-4B4A-96E3-271B8C05699D}.Release|Any CPU.ActiveCfg = Release|Any CPU
		{465BE3D5-8E90-4B4A-96E3-271B8C05699D}.Release|Any CPU.Build.0 = Release|Any CPU
	EndGlobalSection
	GlobalSection(SolutionProperties) = preSolution
		HideSolutionNode = FALSE
	EndGlobalSection
	GlobalSection(NestedProjects) = preSolution
		{4883D988-755F-482A-AE60-F5AB15E6D67F} = {738DF42C-D4A2-4141-B2DE-590571402875}
		{1E691697-F411-400A-807D-2EEED9C8DA0E} = {738DF42C-D4A2-4141-B2DE-590571402875}
		{309446E0-26A7-416C-AADB-10F4D449586F} = {332EE840-5F6D-45C8-BDFA-5876315791BD}
		{479ECC50-2055-4289-A476-E62F6A3F8BF4} = {309446E0-26A7-416C-AADB-10F4D449586F}
		{61E72584-9BDD-4185-8E67-3A0451668F1B} = {479ECC50-2055-4289-A476-E62F6A3F8BF4}
		{2C94AB64-4509-4009-B1AA-73FBE84D1C82} = {332EE840-5F6D-45C8-BDFA-5876315791BD}
		{BE0CA3F0-EAD9-4238-AFCA-C0CCB2D7CA1E} = {2C94AB64-4509-4009-B1AA-73FBE84D1C82}
		{663D4B09-FB8F-484A-ADE8-8E3F3EB5C274} = {BE0CA3F0-EAD9-4238-AFCA-C0CCB2D7CA1E}
		{465BE3D5-8E90-4B4A-96E3-271B8C05699D} = {663D4B09-FB8F-484A-ADE8-8E3F3EB5C274}
	EndGlobalSection
	GlobalSection(ExtensibilityGlobals) = postSolution
		SolutionGuid = {03179225-A3B7-47F2-BED2-FFC518DCFD28}
	EndGlobalSection
EndGlobal
